
Microsoft Visual Studio Solution File, Format Version 12.00
# Visual Studio Version 17
VisualStudioVersion = 17.7.34202.233
MinimumVisualStudioVersion = 10.0.40219.1
Project("{FAE04EC0-301F-11D3-BF4B-00C04F79EFBC}") = "Projeto_GlicNow", "Projeto_GlicNow\Projeto_GlicNow.csproj", "{DD32876E-28A8-4D83-AD14-BD1A9CF87CBC}"
EndProject
Global
	GlobalSection(SolutionConfigurationPlatforms) = preSolution
		Debug|Any CPU = Debug|Any CPU
		Release|Any CPU = Release|Any CPU
	EndGlobalSection
	GlobalSection(ProjectConfigurationPlatforms) = postSolution
		{DD32876E-28A8-4D83-AD14-BD1A9CF87CBC}.Debug|Any CPU.ActiveCfg = Debug|Any CPU
		{DD32876E-28A8-4D83-AD14-BD1A9CF87CBC}.Debug|Any CPU.Build.0 = Debug|Any CPU
		{DD32876E-28A8-4D83-AD14-BD1A9CF87CBC}.Release|Any CPU.ActiveCfg = Release|Any CPU
		{DD32876E-28A8-4D83-AD14-BD1A9CF87CBC}.Release|Any CPU.Build.0 = Release|Any CPU
	EndGlobalSection
	GlobalSection(SolutionProperties) = preSolution
		HideSolutionNode = FALSE
	EndGlobalSection
	GlobalSection(ExtensibilityGlobals) = postSolution
		SolutionGuid = {D269EE01-411B-4A9F-BAD4-C05E2D02F6EB}
	EndGlobalSection
EndGlobal
